
Microsoft Visual Studio Solution File, Format Version 12.00
# Visual Studio Version 16
VisualStudioVersion = 16.0.32413.511
MinimumVisualStudioVersion = 10.0.40219.1
Project("{8BC9CEB8-8B4A-11D0-8D11-00A0C91BC942}") = "Machine Messiah", "Machine Messiah\Machine Messiah.vcxproj", "{C5E81396-705A-4FB1-A11E-C8740569262C}"
EndProject
Global
	GlobalSection(SolutionConfigurationPlatforms) = preSolution
		Debug|x64 = Debug|x64
		Debug|x86 = Debug|x86
		Release|x64 = Release|x64
		Release|x86 = Release|x86
	EndGlobalSection
	GlobalSection(ProjectConfigurationPlatforms) = postSolution
		{C5E81396-705A-4FB1-A11E-C8740569262C}.Debug|x64.ActiveCfg = Debug|x64
		{C5E81396-705A-4FB1-A11E-C8740569262C}.Debug|x64.Build.0 = Debug|x64
		{C5E81396-705A-4FB1-A11E-C8740569262C}.Debug|x86.ActiveCfg = Debug|Win32
		{C5E81396-705A-4FB1-A11E-C8740569262C}.Debug|x86.Build.0 = Debug|Win32
		{C5E81396-705A-4FB1-A11E-C8740569262C}.Release|x64.ActiveCfg = Release|x64
		{C5E81396-705A-4FB1-A11E-C8740569262C}.Release|x64.Build.0 = Release|x64
		{C5E81396-705A-4FB1-A11E-C8740569262C}.Release|x86.ActiveCfg = Release|Win32
		{C5E81396-705A-4FB1-A11E-C8740569262C}.Release|x86.Build.0 = Release|Win32
	EndGlobalSection
	GlobalSection(SolutionProperties) = preSolution
		HideSolutionNode = FALSE
	EndGlobalSection
	GlobalSection(ExtensibilityGlobals) = postSolution
		SolutionGuid = {2B250DC0-C28D-46A2-9FA2-FBC2F83AD487}
	EndGlobalSection
EndGlobal
