
Microsoft Visual Studio Solution File, Format Version 12.00
# Visual Studio Version 16
VisualStudioVersion = 16.0.32413.511
MinimumVisualStudioVersion = 10.0.40219.1
Project("{8BC9CEB8-8B4A-11D0-8D11-00A0C91BC942}") = "Machine-Messiah", "Machine-Messiah\Machine-Messiah.vcxproj", "{D6E33008-B066-46F9-8F52-2F5F31A140D5}"
EndProject
Global
	GlobalSection(SolutionConfigurationPlatforms) = preSolution
		Debug|x64 = Debug|x64
		Debug|x86 = Debug|x86
		Release|x64 = Release|x64
		Release|x86 = Release|x86
	EndGlobalSection
	GlobalSection(ProjectConfigurationPlatforms) = postSolution
		{D6E33008-B066-46F9-8F52-2F5F31A140D5}.Debug|x64.ActiveCfg = Debug|x64
		{D6E33008-B066-46F9-8F52-2F5F31A140D5}.Debug|x64.Build.0 = Debug|x64
		{D6E33008-B066-46F9-8F52-2F5F31A140D5}.Debug|x86.ActiveCfg = Debug|Win32
		{D6E33008-B066-46F9-8F52-2F5F31A140D5}.Debug|x86.Build.0 = Debug|Win32
		{D6E33008-B066-46F9-8F52-2F5F31A140D5}.Release|x64.ActiveCfg = Release|x64
		{D6E33008-B066-46F9-8F52-2F5F31A140D5}.Release|x64.Build.0 = Release|x64
		{D6E33008-B066-46F9-8F52-2F5F31A140D5}.Release|x86.ActiveCfg = Release|Win32
		{D6E33008-B066-46F9-8F52-2F5F31A140D5}.Release|x86.Build.0 = Release|Win32
	EndGlobalSection
	GlobalSection(SolutionProperties) = preSolution
		HideSolutionNode = FALSE
	EndGlobalSection
	GlobalSection(ExtensibilityGlobals) = postSolution
		SolutionGuid = {2B250DC0-C28D-46A2-9FA2-FBC2F83AD487}
	EndGlobalSection
EndGlobal
