<?xml version="1.0" encoding="utf-8"?>
<Project ToolsVersion="4.0" xmlns="http://schemas.microsoft.com/developer/msbuild/2003">
  <ItemGroup>
    <ApplicationDefinition Include="App.xaml" />
  </ItemGroup>
  <ItemGroup>
    <Page Include="MainWindow.xaml" />
    <Page Include="ChattingList.xaml">
      <Filter>Pages</Filter>
    </Page>
    <Page Include="SplashScreen.xaml">
      <Filter>Splash Screen</Filter>
    </Page>
  </ItemGroup>
  <ItemGroup>
    <Midl Include="App.idl" />
    <Midl Include="MainWindow.idl" />
    <Midl Include="ChatThumbnail.idl">
      <Filter>DataTemplate\ChatThumbnail</Filter>
    </Midl>
  </ItemGroup>
  <ItemGroup>
    <ClCompile Include="pch.cpp" />
    <ClCompile Include="$(GeneratedFilesDir)module.g.cpp" />
    <ClCompile Include="ChatThumbnail.cpp">
      <Filter>DataTemplate\ChatThumbnail</Filter>
    </ClCompile>
    <ClCompile Include="FileSystem.cpp">
      <Filter>FileSystem</Filter>
    </ClCompile>
    <ClCompile Include="OpenAIStorage.cpp">
      <Filter>OpenAI</Filter>
    </ClCompile>
    <ClCompile Include="FunctionManager.cpp">
      <Filter>FunctionManager</Filter>
    </ClCompile>
    <ClCompile Include="ProgramManager.cpp">
      <Filter>FunctionManager</Filter>
    </ClCompile>
  </ItemGroup>
  <ItemGroup>
    <ClInclude Include="pch.h" />
    <ClInclude Include="ChatThumbnail.h">
      <Filter>DataTemplate\ChatThumbnail</Filter>
    </ClInclude>
    <ClInclude Include="utils.h">
      <Filter>Utility</Filter>
    </ClInclude>
    <ClInclude Include="client.h">
      <Filter>Utility</Filter>
    </ClInclude>
    <ClInclude Include="FileSystem.h">
      <Filter>FileSystem</Filter>
    </ClInclude>
    <ClInclude Include="OpenAIStorage.h">
      <Filter>OpenAI</Filter>
    </ClInclude>
    <ClInclude Include="FunctionManager.h">
      <Filter>FunctionManager</Filter>
    </ClInclude>
    <ClInclude Include="ProgramManager.h">
      <Filter>FunctionManager</Filter>
    </ClInclude>
  </ItemGroup>
  <ItemGroup>
    <Image Include="Assets\Wide310x150Logo.scale-200.png">
      <Filter>Assets</Filter>
    </Image>
    <Image Include="Assets\StoreLogo.png">
      <Filter>Assets</Filter>
    </Image>
    <Image Include="Assets\Square150x150Logo.scale-200.png">
      <Filter>Assets</Filter>
    </Image>
    <Image Include="Assets\Square44x44Logo.targetsize-24_altform-unplated.png">
      <Filter>Assets</Filter>
    </Image>
    <Image Include="Assets\Square44x44Logo.scale-200.png">
      <Filter>Assets</Filter>
    </Image>
    <Image Include="Assets\SplashScreen.scale-200.png">
      <Filter>Assets</Filter>
    </Image>
    <Image Include="Assets\LockScreenLogo.scale-200.png">
      <Filter>Assets</Filter>
    </Image>
  </ItemGroup>
  <ItemGroup>
    <Filter Include="Assets">
      <UniqueIdentifier>{7ca29174-a3f6-47b2-bf81-9ffc8829caef}</UniqueIdentifier>
    </Filter>
    <Filter Include="DataTemplate">
      <UniqueIdentifier>{ea3d236a-86e0-4ad1-87bb-4cd9cf4fae68}</UniqueIdentifier>
    </Filter>
    <Filter Include="DataTemplate\ChatThumbnail">
      <UniqueIdentifier>{bd754951-a951-4191-a4af-7008e930e8ae}</UniqueIdentifier>
    </Filter>
    <Filter Include="Pages">
      <UniqueIdentifier>{8201c8bc-44fa-4748-94a0-f14562626618}</UniqueIdentifier>
    </Filter>
    <Filter Include="Utility">
      <UniqueIdentifier>{8ad11e83-7610-48a9-a570-0e3369e583ee}</UniqueIdentifier>
    </Filter>
    <Filter Include="FileSystem">
      <UniqueIdentifier>{64f2a3ae-8819-41c7-8ec8-d2566fe9b3a2}</UniqueIdentifier>
    </Filter>
    <Filter Include="OpenAI">
      <UniqueIdentifier>{c7a19549-f265-4fa3-9e07-094cf4f246ba}</UniqueIdentifier>
    </Filter>
    <Filter Include="Splash Screen">
      <UniqueIdentifier>{124b0b32-2903-4503-94dd-f88cf633500a}</UniqueIdentifier>
    </Filter>
    <Filter Include="FunctionManager">
      <UniqueIdentifier>{005f3906-7cbf-4912-ace7-e924f3492724}</UniqueIdentifier>
    </Filter>
  </ItemGroup>
  <ItemGroup>
    <Text Include="readme.txt" />
  </ItemGroup>
  <ItemGroup>
    <Manifest Include="app.manifest" />
  </ItemGroup>
  <ItemGroup>
    <AppxManifest Include="Package.appxmanifest" />
  </ItemGroup>
  <ItemGroup>
    <Natvis Include="$(MSBuildThisFileDirectory)..\..\natvis\wil.natvis" />
  </ItemGroup>
  <ItemGroup>
    <None Include="packages.config" />
    <None Include="MainApplication_TemporaryKey.pfx" />
  </ItemGroup>
</Project>